
Microsoft Visual Studio Solution File, Format Version 12.00
# Visual Studio Version 17
VisualStudioVersion = 17.0.31903.59
MinimumVisualStudioVersion = 15.0.26124.0
Project("{2150E333-8FDC-42A3-9474-1A3956D46DE8}") = "bin", "bin", "{6C7C4DA1-0F1A-444C-9946-9996F8D40338}"
	ProjectSection(SolutionItems) = preProject
		bin\build = bin\build
		bin\publish = bin\publish
		bin\run = bin\run
		bin\watch = bin\watch
	EndProjectSection
EndProject
Project("{2150E333-8FDC-42A3-9474-1A3956D46DE8}") = "src", "src", "{5478DBA0-A595-4273-9F9D-3D5E11A8ECE8}"
EndProject
Project("{9A19103F-16F7-4668-BE54-9A1E7A4F7556}") = "slskd", "src\slskd\slskd.csproj", "{E9EA3F80-07F4-4BEF-A233-5D87EF7D9ABC}"
EndProject
Project("{2150E333-8FDC-42A3-9474-1A3956D46DE8}") = "Solution Items", "Solution Items", "{CA2A6837-A966-4198-9B62-32D0110CA078}"
	ProjectSection(SolutionItems) = preProject
		.dockerignore = .dockerignore
		.gitignore = .gitignore
		Dockerfile = Dockerfile
		LICENSE = LICENSE
		README.md = README.md
	EndProjectSection
EndProject
Project("{2150E333-8FDC-42A3-9474-1A3956D46DE8}") = ".github", ".github", "{6186A99C-FE43-4C97-8A6A-F27432F44282}"
EndProject
Project("{2150E333-8FDC-42A3-9474-1A3956D46DE8}") = "workflows", "workflows", "{ED2A1CCD-9C47-4AB5-AF00-84EF507E2402}"
	ProjectSection(SolutionItems) = preProject
		.github\workflows\ci.yml = .github\workflows\ci.yml
	EndProjectSection
EndProject
Project("{2150E333-8FDC-42A3-9474-1A3956D46DE8}") = "tests", "tests", "{137724E1-1613-4EFC-BD67-399A620AEABF}"
EndProject
Project("{9A19103F-16F7-4668-BE54-9A1E7A4F7556}") = "slskd.Tests.Unit", "tests\slskd.Tests.Unit\slskd.Tests.Unit.csproj", "{2777623C-3DBE-4EB4-A092-DFEA7BD8EA3A}"
EndProject
Project("{9A19103F-16F7-4668-BE54-9A1E7A4F7556}") = "slskd.Tests.Integration", "tests\slskd.Tests.Integration\slskd.Tests.Integration.csproj", "{6BF0549C-F88D-43F9-85EE-388BA5FC38D0}"
EndProject
Project("{2150E333-8FDC-42A3-9474-1A3956D46DE8}") = "config", "config", "{98F684AE-507B-475A-92FE-AB4273A9F11A}"
	ProjectSection(SolutionItems) = preProject
		config\slskd.example.yml = config\slskd.example.yml
	EndProjectSection
EndProject
Project("{2150E333-8FDC-42A3-9474-1A3956D46DE8}") = "docs", "docs", "{53D80066-A655-42EC-9C8D-2591C3E4B034}"
	ProjectSection(SolutionItems) = preProject
		docs\config.md = docs\config.md
		docs\docker.md = docs\docker.md
	EndProjectSection
EndProject
Project("{FAE04EC0-301F-11D3-BF4B-00C04F79EFBC}") = "slskd.Tests", "tests\slskd.Tests\slskd.Tests.csproj", "{3ED8B103-E7A7-4234-8300-63B6E747DAE8}"
EndProject
Project("{2150E333-8FDC-42A3-9474-1A3956D46DE8}") = "slskdN.VpnAgent", "slskdN.VpnAgent", "{A115D5CF-098D-BA9B-08B5-D50A40FA6C8D}"
EndProject
Project("{FAE04EC0-301F-11D3-BF4B-00C04F79EFBC}") = "slskdN-vpn-agent", "src\slskdN.VpnAgent\slskdN-vpn-agent.csproj", "{42AC8184-6E8E-4B4A-A87C-088543DF7476}"
EndProject
Project("{2150E333-8FDC-42A3-9474-1A3956D46DE8}") = "vendor", "vendor", "{3EFB08DA-2EA9-FE77-18DF-C4D4293AFD9C}"
EndProject
Project("{2150E333-8FDC-42A3-9474-1A3956D46DE8}") = "slskNet.Runtime", "slskNet.Runtime", "{F5A70356-4C21-4D7E-1A4D-9737BF758FD3}"
EndProject
Project("{2150E333-8FDC-42A3-9474-1A3956D46DE8}") = "src", "src", "{CA2524E7-56B5-138F-B98D-994977A8A15B}"
EndProject
Project("{FAE04EC0-301F-11D3-BF4B-00C04F79EFBC}") = "Soulseek", "vendor\slskNet.Runtime\src\Soulseek.csproj", "{F4D9D870-A509-463B-90D4-8D9D6CC340FB}"
EndProject
Global
	GlobalSection(SolutionConfigurationPlatforms) = preSolution
		Debug|Any CPU = Debug|Any CPU
		Debug|x64 = Debug|x64
		Debug|x86 = Debug|x86
		Release|Any CPU = Release|Any CPU
		Release|x64 = Release|x64
		Release|x86 = Release|x86
	EndGlobalSection
	GlobalSection(ProjectConfigurationPlatforms) = postSolution
		{E9EA3F80-07F4-4BEF-A233-5D87EF7D9ABC}.Debug|Any CPU.ActiveCfg = Debug|Any CPU
		{E9EA3F80-07F4-4BEF-A233-5D87EF7D9ABC}.Debug|Any CPU.Build.0 = Debug|Any CPU
		{E9EA3F80-07F4-4BEF-A233-5D87EF7D9ABC}.Debug|x64.ActiveCfg = Debug|Any CPU
		{E9EA3F80-07F4-4BEF-A233-5D87EF7D9ABC}.Debug|x64.Build.0 = Debug|Any CPU
		{E9EA3F80-07F4-4BEF-A233-5D87EF7D9ABC}.Debug|x86.ActiveCfg = Debug|Any CPU
		{E9EA3F80-07F4-4BEF-A233-5D87EF7D9ABC}.Debug|x86.Build.0 = Debug|Any CPU
		{E9EA3F80-07F4-4BEF-A233-5D87EF7D9ABC}.Release|Any CPU.ActiveCfg = Release|Any CPU
		{E9EA3F80-07F4-4BEF-A233-5D87EF7D9ABC}.Release|Any CPU.Build.0 = Release|Any CPU
		{E9EA3F80-07F4-4BEF-A233-5D87EF7D9ABC}.Release|x64.ActiveCfg = Release|Any CPU
		{E9EA3F80-07F4-4BEF-A233-5D87EF7D9ABC}.Release|x64.Build.0 = Release|Any CPU
		{E9EA3F80-07F4-4BEF-A233-5D87EF7D9ABC}.Release|x86.ActiveCfg = Release|Any CPU
		{E9EA3F80-07F4-4BEF-A233-5D87EF7D9ABC}.Release|x86.Build.0 = Release|Any CPU
		{2777623C-3DBE-4EB4-A092-DFEA7BD8EA3A}.Debug|Any CPU.ActiveCfg = Debug|Any CPU
		{2777623C-3DBE-4EB4-A092-DFEA7BD8EA3A}.Debug|Any CPU.Build.0 = Debug|Any CPU
		{2777623C-3DBE-4EB4-A092-DFEA7BD8EA3A}.Debug|x64.ActiveCfg = Debug|Any CPU
		{2777623C-3DBE-4EB4-A092-DFEA7BD8EA3A}.Debug|x64.Build.0 = Debug|Any CPU
		{2777623C-3DBE-4EB4-A092-DFEA7BD8EA3A}.Debug|x86.ActiveCfg = Debug|Any CPU
		{2777623C-3DBE-4EB4-A092-DFEA7BD8EA3A}.Debug|x86.Build.0 = Debug|Any CPU
		{2777623C-3DBE-4EB4-A092-DFEA7BD8EA3A}.Release|Any CPU.ActiveCfg = Release|Any CPU
		{2777623C-3DBE-4EB4-A092-DFEA7BD8EA3A}.Release|Any CPU.Build.0 = Release|Any CPU
		{2777623C-3DBE-4EB4-A092-DFEA7BD8EA3A}.Release|x64.ActiveCfg = Release|Any CPU
		{2777623C-3DBE-4EB4-A092-DFEA7BD8EA3A}.Release|x64.Build.0 = Release|Any CPU
		{2777623C-3DBE-4EB4-A092-DFEA7BD8EA3A}.Release|x86.ActiveCfg = Release|Any CPU
		{2777623C-3DBE-4EB4-A092-DFEA7BD8EA3A}.Release|x86.Build.0 = Release|Any CPU
		{6BF0549C-F88D-43F9-85EE-388BA5FC38D0}.Debug|Any CPU.ActiveCfg = Debug|Any CPU
		{6BF0549C-F88D-43F9-85EE-388BA5FC38D0}.Debug|Any CPU.Build.0 = Debug|Any CPU
		{6BF0549C-F88D-43F9-85EE-388BA5FC38D0}.Debug|x64.ActiveCfg = Debug|Any CPU
		{6BF0549C-F88D-43F9-85EE-388BA5FC38D0}.Debug|x64.Build.0 = Debug|Any CPU
		{6BF0549C-F88D-43F9-85EE-388BA5FC38D0}.Debug|x86.ActiveCfg = Debug|Any CPU
		{6BF0549C-F88D-43F9-85EE-388BA5FC38D0}.Debug|x86.Build.0 = Debug|Any CPU
		{6BF0549C-F88D-43F9-85EE-388BA5FC38D0}.Release|Any CPU.ActiveCfg = Release|Any CPU
		{6BF0549C-F88D-43F9-85EE-388BA5FC38D0}.Release|Any CPU.Build.0 = Release|Any CPU
		{6BF0549C-F88D-43F9-85EE-388BA5FC38D0}.Release|x64.ActiveCfg = Release|Any CPU
		{6BF0549C-F88D-43F9-85EE-388BA5FC38D0}.Release|x64.Build.0 = Release|Any CPU
		{6BF0549C-F88D-43F9-85EE-388BA5FC38D0}.Release|x86.ActiveCfg = Release|Any CPU
		{6BF0549C-F88D-43F9-85EE-388BA5FC38D0}.Release|x86.Build.0 = Release|Any CPU
		{3ED8B103-E7A7-4234-8300-63B6E747DAE8}.Debug|Any CPU.ActiveCfg = Debug|Any CPU
		{3ED8B103-E7A7-4234-8300-63B6E747DAE8}.Debug|Any CPU.Build.0 = Debug|Any CPU
		{3ED8B103-E7A7-4234-8300-63B6E747DAE8}.Debug|x64.ActiveCfg = Debug|Any CPU
		{3ED8B103-E7A7-4234-8300-63B6E747DAE8}.Debug|x64.Build.0 = Debug|Any CPU
		{3ED8B103-E7A7-4234-8300-63B6E747DAE8}.Debug|x86.ActiveCfg = Debug|Any CPU
		{3ED8B103-E7A7-4234-8300-63B6E747DAE8}.Debug|x86.Build.0 = Debug|Any CPU
		{3ED8B103-E7A7-4234-8300-63B6E747DAE8}.Release|Any CPU.ActiveCfg = Release|Any CPU
		{3ED8B103-E7A7-4234-8300-63B6E747DAE8}.Release|Any CPU.Build.0 = Release|Any CPU
		{3ED8B103-E7A7-4234-8300-63B6E747DAE8}.Release|x64.ActiveCfg = Release|Any CPU
		{3ED8B103-E7A7-4234-8300-63B6E747DAE8}.Release|x64.Build.0 = Release|Any CPU
		{3ED8B103-E7A7-4234-8300-63B6E747DAE8}.Release|x86.ActiveCfg = Release|Any CPU
		{3ED8B103-E7A7-4234-8300-63B6E747DAE8}.Release|x86.Build.0 = Release|Any CPU
		{42AC8184-6E8E-4B4A-A87C-088543DF7476}.Debug|Any CPU.ActiveCfg = Debug|Any CPU
		{42AC8184-6E8E-4B4A-A87C-088543DF7476}.Debug|Any CPU.Build.0 = Debug|Any CPU
		{42AC8184-6E8E-4B4A-A87C-088543DF7476}.Debug|x64.ActiveCfg = Debug|Any CPU
		{42AC8184-6E8E-4B4A-A87C-088543DF7476}.Debug|x64.Build.0 = Debug|Any CPU
		{42AC8184-6E8E-4B4A-A87C-088543DF7476}.Debug|x86.ActiveCfg = Debug|Any CPU
		{42AC8184-6E8E-4B4A-A87C-088543DF7476}.Debug|x86.Build.0 = Debug|Any CPU
		{42AC8184-6E8E-4B4A-A87C-088543DF7476}.Release|Any CPU.ActiveCfg = Release|Any CPU
		{42AC8184-6E8E-4B4A-A87C-088543DF7476}.Release|Any CPU.Build.0 = Release|Any CPU
		{42AC8184-6E8E-4B4A-A87C-088543DF7476}.Release|x64.ActiveCfg = Release|Any CPU
		{42AC8184-6E8E-4B4A-A87C-088543DF7476}.Release|x64.Build.0 = Release|Any CPU
		{42AC8184-6E8E-4B4A-A87C-088543DF7476}.Release|x86.ActiveCfg = Release|Any CPU
		{42AC8184-6E8E-4B4A-A87C-088543DF7476}.Release|x86.Build.0 = Release|Any CPU
		{F4D9D870-A509-463B-90D4-8D9D6CC340FB}.Debug|Any CPU.ActiveCfg = Debug|Any CPU
		{F4D9D870-A509-463B-90D4-8D9D6CC340FB}.Debug|Any CPU.Build.0 = Debug|Any CPU
		{F4D9D870-A509-463B-90D4-8D9D6CC340FB}.Debug|x64.ActiveCfg = Debug|Any CPU
		{F4D9D870-A509-463B-90D4-8D9D6CC340FB}.Debug|x64.Build.0 = Debug|Any CPU
		{F4D9D870-A509-463B-90D4-8D9D6CC340FB}.Debug|x86.ActiveCfg = Debug|Any CPU
		{F4D9D870-A509-463B-90D4-8D9D6CC340FB}.Debug|x86.Build.0 = Debug|Any CPU
		{F4D9D870-A509-463B-90D4-8D9D6CC340FB}.Release|Any CPU.ActiveCfg = Release|Any CPU
		{F4D9D870-A509-463B-90D4-8D9D6CC340FB}.Release|Any CPU.Build.0 = Release|Any CPU
		{F4D9D870-A509-463B-90D4-8D9D6CC340FB}.Release|x64.ActiveCfg = Release|Any CPU
		{F4D9D870-A509-463B-90D4-8D9D6CC340FB}.Release|x64.Build.0 = Release|Any CPU
		{F4D9D870-A509-463B-90D4-8D9D6CC340FB}.Release|x86.ActiveCfg = Release|Any CPU
		{F4D9D870-A509-463B-90D4-8D9D6CC340FB}.Release|x86.Build.0 = Release|Any CPU
	EndGlobalSection
	GlobalSection(SolutionProperties) = preSolution
		HideSolutionNode = FALSE
	EndGlobalSection
	GlobalSection(NestedProjects) = preSolution
		{E9EA3F80-07F4-4BEF-A233-5D87EF7D9ABC} = {5478DBA0-A595-4273-9F9D-3D5E11A8ECE8}
		{ED2A1CCD-9C47-4AB5-AF00-84EF507E2402} = {6186A99C-FE43-4C97-8A6A-F27432F44282}
		{2777623C-3DBE-4EB4-A092-DFEA7BD8EA3A} = {137724E1-1613-4EFC-BD67-399A620AEABF}
		{6BF0549C-F88D-43F9-85EE-388BA5FC38D0} = {137724E1-1613-4EFC-BD67-399A620AEABF}
		{3ED8B103-E7A7-4234-8300-63B6E747DAE8} = {137724E1-1613-4EFC-BD67-399A620AEABF}
		{A115D5CF-098D-BA9B-08B5-D50A40FA6C8D} = {5478DBA0-A595-4273-9F9D-3D5E11A8ECE8}
		{42AC8184-6E8E-4B4A-A87C-088543DF7476} = {A115D5CF-098D-BA9B-08B5-D50A40FA6C8D}
		{F5A70356-4C21-4D7E-1A4D-9737BF758FD3} = {3EFB08DA-2EA9-FE77-18DF-C4D4293AFD9C}
		{CA2524E7-56B5-138F-B98D-994977A8A15B} = {F5A70356-4C21-4D7E-1A4D-9737BF758FD3}
		{F4D9D870-A509-463B-90D4-8D9D6CC340FB} = {CA2524E7-56B5-138F-B98D-994977A8A15B}
	EndGlobalSection
	GlobalSection(ExtensibilityGlobals) = postSolution
		SolutionGuid = {A793ED59-76F4-4874-846B-2A199C92A48E}
	EndGlobalSection
EndGlobal
